dependencies:
- name: postgresql
  repository: oci://registry-1.docker.io/bitnamicharts
  version: 18.7.13
- name: redis
  repository: oci://registry-1.docker.io/bitnamicharts
  version: 27.0.14
- name: rabbitmq
  repository: oci://registry-1.docker.io/bitnamicharts
  version: 16.0.14
digest: sha256:0475212d6d19108b23adef8df3a436438813cc9288d897acadae71b164ec09c7
generated: "2026-07-10T02:59:55.369486466-05:00"
